
Microsoft Visual Studio Solution File, Format Version 12.00
# Visual Studio 2013
VisualStudioVersion = 12.0.30501.0
MinimumVisualStudioVersion = 10.0.40219.1
Project("{FAE04EC0-301F-11D3-BF4B-00C04F79EFBC}") = "assignment 6", "assignment 6\assignment 6.csproj", "{4F6EAED4-B6CF-4331-B687-034F7E3AD465}"
EndProject
Global
	GlobalSection(SolutionConfigurationPlatforms) = preSolution
		Debug|Any CPU = Debug|Any CPU
		Release|Any CPU = Release|Any CPU
	EndGlobalSection
	GlobalSection(ProjectConfigurationPlatforms) = postSolution
		{4F6EAED4-B6CF-4331-B687-034F7E3AD465}.Debug|Any CPU.ActiveCfg = Debug|Any CPU
		{4F6EAED4-B6CF-4331-B687-034F7E3AD465}.Debug|Any CPU.Build.0 = Debug|Any CPU
		{4F6EAED4-B6CF-4331-B687-034F7E3AD465}.Release|Any CPU.ActiveCfg = Release|Any CPU
		{4F6EAED4-B6CF-4331-B687-034F7E3AD465}.Release|Any CPU.Build.0 = Release|Any CPU
	EndGlobalSection
	GlobalSection(SolutionProperties) = preSolution
		HideSolutionNode = FALSE
	EndGlobalSection
EndGlobal
